PODS:
  - Flutter (1.0.0)
  - flutter_trtc_plugin (0.0.7):
    - Flutter
    - TXLiteAVSDK_Professional (~> 8.4.9944)
  - fluttertoast (0.0.2):
    - Flutter
  - TXLiteAVSDK_Professional (8.4.9944)

DEPENDENCIES:
  - Flutter (from `Flutter`)
  - flutter_trtc_plugin (from `.symlinks/plugins/flutter_trtc_plugin/ios`)
  - fluttertoast (from `.symlinks/plugins/fluttertoast/ios`)

SPEC REPOS:
  trunk:
    - TXLiteAVSDK_Professional

EXTERNAL SOURCES:
  Flutter:
    :path: Flutter
  flutter_trtc_plugin:
    :path: ".symlinks/plugins/flutter_trtc_plugin/ios"
  fluttertoast:
    :path: ".symlinks/plugins/fluttertoast/ios"

SPEC CHECKSUMS:
  Flutter: 0e3d915762c693b495b44d77113d4970485de6ec
  flutter_trtc_plugin: 308a8985da425b11f060582d032bf5a163720c77
  fluttertoast: b644586ef3b16f67fae9a1f8754cef6b2d6b634b
  TXLiteAVSDK_Professional: 9b3efeb291a562191cd3f430a4873e1c49bf1873

PODFILE CHECKSUM: 5c79493b3814a6ac4bd033b37140ebf0c556c431

COCOAPODS: 1.10.1
